
Microsoft Visual Studio Solution File, Format Version 12.00
# Visual Studio Version 16
VisualStudioVersion = 16.0.30626.31
MinimumVisualStudioVersion = 10.0.40219.1
Project("{FAE04EC0-301F-11D3-BF4B-00C04F79EFBC}") = "Kirepos", "Kirepos\Kirepos.csproj", "{6F906485-B0DC-4486-A90D-FB0AAFF7C4E3}"
EndProject
Global
	GlobalSection(SolutionConfigurationPlatforms) = preSolution
		Debug|Any CPU = Debug|Any CPU
		Release|Any CPU = Release|Any CPU
	EndGlobalSection
	GlobalSection(ProjectConfigurationPlatforms) = postSolution
		{6F906485-B0DC-4486-A90D-FB0AAFF7C4E3}.Debug|Any CPU.ActiveCfg = Debug|Any CPU
		{6F906485-B0DC-4486-A90D-FB0AAFF7C4E3}.Debug|Any CPU.Build.0 = Debug|Any CPU
		{6F906485-B0DC-4486-A90D-FB0AAFF7C4E3}.Release|Any CPU.ActiveCfg = Release|Any CPU
		{6F906485-B0DC-4486-A90D-FB0AAFF7C4E3}.Release|Any CPU.Build.0 = Release|Any CPU
	EndGlobalSection
	GlobalSection(SolutionProperties) = preSolution
		HideSolutionNode = FALSE
	EndGlobalSection
	GlobalSection(ExtensibilityGlobals) = postSolution
		SolutionGuid = {4B446E05-4886-4C1F-9E9B-7E02C7F36D85}
	EndGlobalSection
EndGlobal
